{
  "name": "tauri-simple-app",
  "version": "0.1.0",
  "lockfileVersion": 3,
  "requires": true,
  "packages": {
    "": {
      "name": "tauri-simple-app",
      "version": "0.1.0",
      "devDependencies": {
        "@tauri-apps/cli": ">=2.0.0-rc.0"
      }
    },
    "node_modules/@tauri-apps/cli": {
      "version": "2.0.0-rc.7",
      "resolved": "https://registry.npmjs.org/@tauri-apps/cli/-/cli-2.0.0-rc.7.tgz",
      "integrity": "sha512-FdNcr75EIPfA69gWxpk3xv78og8CVbEa8ih2Rvp9k1tyAyryOth0Ps+jNEqP/WtfFwITWTYm4JqOubSCHoFjpQ==",
      "dev": true,
      "license": "Apache-2.0 OR MIT",
      "bin": {
        "tauri": "tauri.js"
      },
      "engines": {
        "node": ">= 10"
      },
      "funding": {
        "type": "opencollective",
        "url": "https://opencollective.com/tauri"
      },
      "optionalDependencies": {
        "@tauri-apps/cli-darwin-arm64": "2.0.0-rc.7",
        "@tauri-apps/cli-darwin-x64": "2.0.0-rc.7",
        "@tauri-apps/cli-linux-arm-gnueabihf": "2.0.0-rc.7",
        "@tauri-apps/cli-linux-arm64-gnu": "2.0.0-rc.7",
        "@tauri-apps/cli-linux-arm64-musl": "2.0.0-rc.7",
        "@tauri-apps/cli-linux-x64-gnu": "2.0.0-rc.7",
        "@tauri-apps/cli-linux-x64-musl": "2.0.0-rc.7",
        "@tauri-apps/cli-win32-arm64-msvc": "2.0.0-rc.7",
        "@tauri-apps/cli-win32-ia32-msvc": "2.0.0-rc.7",
        "@tauri-apps/cli-win32-x64-msvc": "2.0.0-rc.7"
      }
    },
    "node_modules/@tauri-apps/cli-darwin-arm64": {
      "version": "2.0.0-rc.7",
      "resolved": "https://registry.npmjs.org/@tauri-apps/cli-darwin-arm64/-/cli-darwin-arm64-2.0.0-rc.7.tgz",
      "integrity": "sha512-DUdO1TCj+cViFkOWtYotq4UNBGfHvl1xLK85n2rmpsCeveGxO9pf1CihOtADuVonHl6ETa9x/uaSTCMeMsKEbA==",
      "cpu": [
        "arm64"
      ],
      "dev": true,
      "license": "Apache-2.0 OR MIT",
      "optional": true,
      "os": [
        "darwin"
      ],
      "engines": {
        "node": ">= 10"
      }
    },
    "node_modules/@tauri-apps/cli-darwin-x64": {
      "version": "2.0.0-rc.7",
      "resolved": "https://registry.npmjs.org/@tauri-apps/cli-darwin-x64/-/cli-darwin-x64-2.0.0-rc.7.tgz",
      "integrity": "sha512-T36ncxLyfgKBsPXdgCfw7WeOtHwDrfkvjJoovlBH5nAejlxZC4g4pYm7/Qvpc++FRmQhcHJXP8Y+fBOSEZrfog==",
      "cpu": [
        "x64"
      ],
      "dev": true,
      "license": "Apache-2.0 OR MIT",
      "optional": true,
      "os": [
        "darwin"
      ],
      "engines": {
        "node": ">= 10"
      }
    },
    "node_modules/@tauri-apps/cli-linux-arm-gnueabihf": {
      "version": "2.0.0-rc.7",
      "resolved": "https://registry.npmjs.org/@tauri-apps/cli-linux-arm-gnueabihf/-/cli-linux-arm-gnueabihf-2.0.0-rc.7.tgz",
      "integrity": "sha512-afLBeWgpm++9oKsYNShqKsBCHLLgMJy+rodHIiUd9LB4VqjU/1bYfZdia0PxKjnEuOz27mG9Be5v0SDdsZsLww==",
      "cpu": [
        "arm"
      ],
      "dev": true,
      "license": "Apache-2.0 OR MIT",
      "optional": true,
      "os": [
        "linux"
      ],
      "engines": {
        "node": ">= 10"
      }
    },
    "node_modules/@tauri-apps/cli-linux-arm64-gnu": {
      "version": "2.0.0-rc.7",
      "resolved": "https://registry.npmjs.org/@tauri-apps/cli-linux-arm64-gnu/-/cli-linux-arm64-gnu-2.0.0-rc.7.tgz",
      "integrity": "sha512-sjT/URsuJ2ImJGe9fH0b8reewGq5R1E5t4DZRF0ZVpCpUC1yTpml0kuPWt4S0rGws/beRICPaZWW8OuColIFtQ==",
      "cpu": [
        "arm64"
      ],
      "dev": true,
      "license": "Apache-2.0 OR MIT",
      "optional": true,
      "os": [
        "linux"
      ],
      "engines": {
        "node": ">= 10"
      }
    },
    "node_modules/@tauri-apps/cli-linux-arm64-musl": {
      "version": "2.0.0-rc.7",
      "resolved": "https://registry.npmjs.org/@tauri-apps/cli-linux-arm64-musl/-/cli-linux-arm64-musl-2.0.0-rc.7.tgz",
      "integrity": "sha512-s7OG30ffEBKF5BiMEIVmtd/UNHC956ihEOfZYRJwBZ9cL8qoPLjEMZYMCGB/767M4igXy1bhKaVnl8pZpk+RNw==",
      "cpu": [
        "arm64"
      ],
      "dev": true,
      "license": "Apache-2.0 OR MIT",
      "optional": true,
      "os": [
        "linux"
      ],
      "engines": {
        "node": ">= 10"
      }
    },
    "node_modules/@tauri-apps/cli-linux-x64-gnu": {
      "version": "2.0.0-rc.7",
      "resolved": "https://registry.npmjs.org/@tauri-apps/cli-linux-x64-gnu/-/cli-linux-x64-gnu-2.0.0-rc.7.tgz",
      "integrity": "sha512-Qj9ibUvq2CwJE5JQ7M/DfOw44xcf59rUGsMGuku/bSKLPu6UXEFyUFjUURcnOgcZkq9o86no7ONoKdMxm4viKQ==",
      "cpu": [
        "x64"
      ],
      "dev": true,
      "license": "Apache-2.0 OR MIT",
      "optional": true,
      "os": [
        "linux"
      ],
      "engines": {
        "node": ">= 10"
      }
    },
    "node_modules/@tauri-apps/cli-linux-x64-musl": {
      "version": "2.0.0-rc.7",
      "resolved": "https://registry.npmjs.org/@tauri-apps/cli-linux-x64-musl/-/cli-linux-x64-musl-2.0.0-rc.7.tgz",
      "integrity": "sha512-75ucw3b7MVnyVNvoW+xqB1N8VGjx1vqP7HshAs+p1fSkeCOy2NvtMP7t8pdRlGQ59exH6vGvnQ/LxC5HgDP2Xg==",
      "cpu": [
        "x64"
      ],
      "dev": true,
      "license": "Apache-2.0 OR MIT",
      "optional": true,
      "os": [
        "linux"
      ],
      "engines": {
        "node": ">= 10"
      }
    },
    "node_modules/@tauri-apps/cli-win32-arm64-msvc": {
      "version": "2.0.0-rc.7",
      "resolved": "https://registry.npmjs.org/@tauri-apps/cli-win32-arm64-msvc/-/cli-win32-arm64-msvc-2.0.0-rc.7.tgz",
      "integrity": "sha512-KaWY7kVbpmJCn5INtcPX+tji7CqwmqtGechith65VIlEUUs+KyOkMdmgbsJvqe0N58VMHLFzEVfx1xtlaKGDUA==",
      "cpu": [
        "arm64"
      ],
      "dev": true,
      "license": "Apache-2.0 OR MIT",
      "optional": true,
      "os": [
        "win32"
      ],
      "engines": {
        "node": ">= 10"
      }
    },
    "node_modules/@tauri-apps/cli-win32-ia32-msvc": {
      "version": "2.0.0-rc.7",
      "resolved": "https://registry.npmjs.org/@tauri-apps/cli-win32-ia32-msvc/-/cli-win32-ia32-msvc-2.0.0-rc.7.tgz",
      "integrity": "sha512-J2xVw7gcP1JY1Pj6lE+MuAUKtanD7tXyjBD6W8R2S7sD06Job9PHoonOQhm/vWlhQVtRkWPNX7K7MXbdoI/Z9w==",
      "cpu": [
        "ia32"
      ],
      "dev": true,
      "license": "Apache-2.0 OR MIT",
      "optional": true,
      "os": [
        "win32"
      ],
      "engines": {
        "node": ">= 10"
      }
    },
    "node_modules/@tauri-apps/cli-win32-x64-msvc": {
      "version": "2.0.0-rc.7",
      "resolved": "https://registry.npmjs.org/@tauri-apps/cli-win32-x64-msvc/-/cli-win32-x64-msvc-2.0.0-rc.7.tgz",
      "integrity": "sha512-0dQzFCUGjrpJBsj/JpV2XRUbH6nDbhW4NKpx6DUnFrwPe7YQwz2eexo7FAu2pLTW8HEPCPd0NvXGOCUrWM/klg==",
      "cpu": [
        "x64"
      ],
      "dev": true,
      "license": "Apache-2.0 OR MIT",
      "optional": true,
      "os": [
        "win32"
      ],
      "engines": {
        "node": ">= 10"
      }
    }
  }
}
